
Microsoft Visual Studio Solution File, Format Version 12.00
# Visual Studio Version 17
VisualStudioVersion = 17.2.32630.192
MinimumVisualStudioVersion = 10.0.40219.1
Project("{FAE04EC0-301F-11D3-BF4B-00C04F79EFBC}") = "interestCalculator", "interestCalculator\interestCalculator.csproj", "{88E54AA6-BECD-4B9F-8842-9A1A48520002}"
EndProject
Global
	GlobalSection(SolutionConfigurationPlatforms) = preSolution
		Debug|Any CPU = Debug|Any CPU
		Release|Any CPU = Release|Any CPU
	EndGlobalSection
	GlobalSection(ProjectConfigurationPlatforms) = postSolution
		{88E54AA6-BECD-4B9F-8842-9A1A48520002}.Debug|Any CPU.ActiveCfg = Debug|Any CPU
		{88E54AA6-BECD-4B9F-8842-9A1A48520002}.Debug|Any CPU.Build.0 = Debug|Any CPU
		{88E54AA6-BECD-4B9F-8842-9A1A48520002}.Release|Any CPU.ActiveCfg = Release|Any CPU
		{88E54AA6-BECD-4B9F-8842-9A1A48520002}.Release|Any CPU.Build.0 = Release|Any CPU
	EndGlobalSection
	GlobalSection(SolutionProperties) = preSolution
		HideSolutionNode = FALSE
	EndGlobalSection
	GlobalSection(ExtensibilityGlobals) = postSolution
		SolutionGuid = {480BB9D2-8D38-4CAE-9DA4-77EAE10FF3A3}
	EndGlobalSection
EndGlobal
